
Microsoft Visual Studio Solution File, Format Version 12.00
# Visual Studio Version 16
VisualStudioVersion = 16.0.30114.105
MinimumVisualStudioVersion = 10.0.40219.1
Project("{FAE04EC0-301F-11D3-BF4B-00C04F79EFBC}") = "RepasoPersona.Core", "RepasoPersona.Core\RepasoPersona.Core.csproj", "{CA65E077-9E2A-404F-A71A-C2480F8C7EFB}"
EndProject
Project("{FAE04EC0-301F-11D3-BF4B-00C04F79EFBC}") = "RepasoPersona.Test", "RepasoPersona.Test\RepasoPersona.Test.csproj", "{12734FDE-924F-449B-8DBC-71CC0D677FEF}"
EndProject
Global
	GlobalSection(SolutionConfigurationPlatforms) = preSolution
		Debug|Any CPU = Debug|Any CPU
		Debug|x64 = Debug|x64
		Debug|x86 = Debug|x86
		Release|Any CPU = Release|Any CPU
		Release|x64 = Release|x64
		Release|x86 = Release|x86
	EndGlobalSection
	GlobalSection(SolutionProperties) = preSolution
		HideSolutionNode = FALSE
	EndGlobalSection
	GlobalSection(ProjectConfigurationPlatforms) = postSolution
		{CA65E077-9E2A-404F-A71A-C2480F8C7EFB}.Debug|Any CPU.ActiveCfg = Debug|Any CPU
		{CA65E077-9E2A-404F-A71A-C2480F8C7EFB}.Debug|Any CPU.Build.0 = Debug|Any CPU
		{CA65E077-9E2A-404F-A71A-C2480F8C7EFB}.Debug|x64.ActiveCfg = Debug|Any CPU
		{CA65E077-9E2A-404F-A71A-C2480F8C7EFB}.Debug|x64.Build.0 = Debug|Any CPU
		{CA65E077-9E2A-404F-A71A-C2480F8C7EFB}.Debug|x86.ActiveCfg = Debug|Any CPU
		{CA65E077-9E2A-404F-A71A-C2480F8C7EFB}.Debug|x86.Build.0 = Debug|Any CPU
		{CA65E077-9E2A-404F-A71A-C2480F8C7EFB}.Release|Any CPU.ActiveCfg = Release|Any CPU
		{CA65E077-9E2A-404F-A71A-C2480F8C7EFB}.Release|Any CPU.Build.0 = Release|Any CPU
		{CA65E077-9E2A-404F-A71A-C2480F8C7EFB}.Release|x64.ActiveCfg = Release|Any CPU
		{CA65E077-9E2A-404F-A71A-C2480F8C7EFB}.Release|x64.Build.0 = Release|Any CPU
		{CA65E077-9E2A-404F-A71A-C2480F8C7EFB}.Release|x86.ActiveCfg = Release|Any CPU
		{CA65E077-9E2A-404F-A71A-C2480F8C7EFB}.Release|x86.Build.0 = Release|Any CPU
		{12734FDE-924F-449B-8DBC-71CC0D677FEF}.Debug|Any CPU.ActiveCfg = Debug|Any CPU
		{12734FDE-924F-449B-8DBC-71CC0D677FEF}.Debug|Any CPU.Build.0 = Debug|Any CPU
		{12734FDE-924F-449B-8DBC-71CC0D677FEF}.Debug|x64.ActiveCfg = Debug|Any CPU
		{12734FDE-924F-449B-8DBC-71CC0D677FEF}.Debug|x64.Build.0 = Debug|Any CPU
		{12734FDE-924F-449B-8DBC-71CC0D677FEF}.Debug|x86.ActiveCfg = Debug|Any CPU
		{12734FDE-924F-449B-8DBC-71CC0D677FEF}.Debug|x86.Build.0 = Debug|Any CPU
		{12734FDE-924F-449B-8DBC-71CC0D677FEF}.Release|Any CPU.ActiveCfg = Release|Any CPU
		{12734FDE-924F-449B-8DBC-71CC0D677FEF}.Release|Any CPU.Build.0 = Release|Any CPU
		{12734FDE-924F-449B-8DBC-71CC0D677FEF}.Release|x64.ActiveCfg = Release|Any CPU
		{12734FDE-924F-449B-8DBC-71CC0D677FEF}.Release|x64.Build.0 = Release|Any CPU
		{12734FDE-924F-449B-8DBC-71CC0D677FEF}.Release|x86.ActiveCfg = Release|Any CPU
		{12734FDE-924F-449B-8DBC-71CC0D677FEF}.Release|x86.Build.0 = Release|Any CPU
	EndGlobalSection
EndGlobal
